
Microsoft Visual Studio Solution File, Format Version 12.00
# Visual Studio Version 17
VisualStudioVersion = 17.7.34221.43
MinimumVisualStudioVersion = 10.0.40219.1
Project("{FAE04EC0-301F-11D3-BF4B-00C04F79EFBC}") = "SalarioFuncionarioListas", "ConsoleApp4\SalarioFuncionarioListas.csproj", "{EB16926D-1DD3-42B7-99CD-3BD4033C1158}"
EndProject
Global
	GlobalSection(SolutionConfigurationPlatforms) = preSolution
		Debug|Any CPU = Debug|Any CPU
		Release|Any CPU = Release|Any CPU
	EndGlobalSection
	GlobalSection(ProjectConfigurationPlatforms) = postSolution
		{EB16926D-1DD3-42B7-99CD-3BD4033C1158}.Debug|Any CPU.ActiveCfg = Debug|Any CPU
		{EB16926D-1DD3-42B7-99CD-3BD4033C1158}.Debug|Any CPU.Build.0 = Debug|Any CPU
		{EB16926D-1DD3-42B7-99CD-3BD4033C1158}.Release|Any CPU.ActiveCfg = Release|Any CPU
		{EB16926D-1DD3-42B7-99CD-3BD4033C1158}.Release|Any CPU.Build.0 = Release|Any CPU
	EndGlobalSection
	GlobalSection(SolutionProperties) = preSolution
		HideSolutionNode = FALSE
	EndGlobalSection
	GlobalSection(ExtensibilityGlobals) = postSolution
		SolutionGuid = {2AEC2120-6A91-441A-8360-1491D5AE86C6}
	EndGlobalSection
EndGlobal
